// !$*UTF8*$!
{
	archiveVersion = 1;
	classes = {
	};
	objectVersion = 63;
	objects = {

/* Begin PBXBuildFile section */
		3E44544A2D2076EE00AB855B /* PresenterInterface.swift in Sources */ = {isa = PBXBuildFile; fileRef = 3E4454392D2076EE00AB855B /* PresenterInterface.swift */; };
		3E44544B2D2076EE00AB855B /* LoginInterfaces.swift in Sources */ = {isa = PBXBuildFile; fileRef = 3E4454312D2076EE00AB855B /* LoginInterfaces.swift */; };
		3E44544C2D2076EE00AB855B /* MenuPresenter.swift in Sources */ = {isa = PBXBuildFile; fileRef = 3E44542C2D2076EE00AB855B /* MenuPresenter.swift */; };
		3E44544D2D2076EE00AB855B /* MenuViewController.swift in Sources */ = {isa = PBXBuildFile; fileRef = 3E44542D2D2076EE00AB855B /* MenuViewController.swift */; };
		3E44544E2D2076EE00AB855B /* Models.swift in Sources */ = {isa = PBXBuildFile; fileRef = 3E4454452D2076EE00AB855B /* Models.swift */; };
		3E44544F2D2076EE00AB855B /* UIStoryBoardExtension.swift in Sources */ = {isa = PBXBuildFile; fileRef = 3E44543A2D2076EE00AB855B /* UIStoryBoardExtension.swift */; };
		3E4454502D2076EE00AB855B /* AsynchronousOperation.swift in Sources */ = {isa = PBXBuildFile; fileRef = 3E4454402D2076EE00AB855B /* AsynchronousOperation.swift */; };
		3E4454512D2076EE00AB855B /* ATConstants.swift in Sources */ = {isa = PBXBuildFile; fileRef = 3E4454412D2076EE00AB855B /* ATConstants.swift */; };
		3E4454522D2076EE00AB855B /* APICallManager.swift in Sources */ = {isa = PBXBuildFile; fileRef = 3E44543D2D2076EE00AB855B /* APICallManager.swift */; };
		3E4454532D2076EE00AB855B /* MenuInteractor.swift in Sources */ = {isa = PBXBuildFile; fileRef = 3E44542A2D2076EE00AB855B /* MenuInteractor.swift */; };
		3E4454542D2076EE00AB855B /* ViewInterface.swift in Sources */ = {isa = PBXBuildFile; fileRef = 3E44543B2D2076EE00AB855B /* ViewInterface.swift */; };
		3E4454552D2076EE00AB855B /* SceneDelegate.swift in Sources */ = {isa = PBXBuildFile; fileRef = 3E4454462D2076EE00AB855B /* SceneDelegate.swift */; };
		3E4454562D2076EE00AB855B /* ATSesionManager.swift in Sources */ = {isa = PBXBuildFile; fileRef = 3E4454422D2076EE00AB855B /* ATSesionManager.swift */; };
		3E4454572D2076EE00AB855B /* LoginInteractor.swift in Sources */ = {isa = PBXBuildFile; fileRef = 3E4454302D2076EE00AB855B /* LoginInteractor.swift */; };
		3E4454582D2076EE00AB855B /* InteractorInterface.swift in Sources */ = {isa = PBXBuildFile; fileRef = 3E4454382D2076EE00AB855B /* InteractorInterface.swift */; };
		3E4454592D2076EE00AB855B /* AppDelegate.swift in Sources */ = {isa = PBXBuildFile; fileRef = 3E44543E2D2076EE00AB855B /* AppDelegate.swift */; };
		3E44545A2D2076EE00AB855B /* LoginViewController.swift in Sources */ = {isa = PBXBuildFile; fileRef = 3E4454332D2076EE00AB855B /* LoginViewController.swift */; };
		3E44545C2D2076EE00AB855B /* ServicesName.swift in Sources */ = {isa = PBXBuildFile; fileRef = 3E4454472D2076EE00AB855B /* ServicesName.swift */; };
		3E44545D2D2076EE00AB855B /* LoginWireframe.swift in Sources */ = {isa = PBXBuildFile; fileRef = 3E4454342D2076EE00AB855B /* LoginWireframe.swift */; };
		3E44545E2D2076EE00AB855B /* LoginPresenter.swift in Sources */ = {isa = PBXBuildFile; fileRef = 3E4454322D2076EE00AB855B /* LoginPresenter.swift */; };
		3E44545F2D2076EE00AB855B /* MenuInterfaces.swift in Sources */ = {isa = PBXBuildFile; fileRef = 3E44542B2D2076EE00AB855B /* MenuInterfaces.swift */; };
		3E4454602D2076EE00AB855B /* MenuWireframe.swift in Sources */ = {isa = PBXBuildFile; fileRef = 3E44542E2D2076EE00AB855B /* MenuWireframe.swift */; };
		3E4454622D2076EE00AB855B /* BaseWireframe.swift in Sources */ = {isa = PBXBuildFile; fileRef = 3E4454372D2076EE00AB855B /* BaseWireframe.swift */; };
		3E4454632D2076EE00AB855B /* MenuImages.storyboard in Resources */ = {isa = PBXBuildFile; fileRef = 3E4454292D2076EE00AB855B /* MenuImages.storyboard */; };
		3E4454642D2076EE00AB855B /* Main.storyboard in Resources */ = {isa = PBXBuildFile; fileRef = 3E4454352D2076EE00AB855B /* Main.storyboard */; };
		3E4454662D2076EE00AB855B /* Assets.xcassets in Resources */ = {isa = PBXBuildFile; fileRef = 3E44543F2D2076EE00AB855B /* Assets.xcassets */; };
		F0BCC2A553674137EB9714B3 /* Pods_Blu.framework in Frameworks */ = {isa = PBXBuildFile; fileRef = 160BD06255949283679A07C7 /* Pods_Blu.framework */; };
/* End PBXBuildFile section */

/* Begin PBXContainerItemProxy section */
		3E472E752D1CEBB00049DAE6 /* PBXContainerItemProxy */ = {
			isa = PBXContainerItemProxy;
			containerPortal = 3E472E562D1CEBAF0049DAE6 /* Project object */;
			proxyType = 1;
			remoteGlobalIDString = 3E472E5D2D1CEBAF0049DAE6;
			remoteInfo = Blu;
		};
		3E472E7F2D1CEBB00049DAE6 /* PBXContainerItemProxy */ = {
			isa = PBXContainerItemProxy;
			containerPortal = 3E472E562D1CEBAF0049DAE6 /* Project object */;
			proxyType = 1;
			remoteGlobalIDString = 3E472E5D2D1CEBAF0049DAE6;
			remoteInfo = Blu;
		};
/* End PBXContainerItemProxy section */

/* Begin PBXFileReference section */
		160BD06255949283679A07C7 /* Pods_Blu.framework */ = {isa = PBXFileReference; explicitFileType = wrapper.framework; includeInIndex = 0; path = Pods_Blu.framework; sourceTree = BUILT_PRODUCTS_DIR; };
		184F019A09238551123AC5C5 /* Pods-Blu.debug.xcconfig */ = {isa = PBXFileReference; includeInIndex = 1; lastKnownFileType = text.xcconfig; name = "Pods-Blu.debug.xcconfig"; path = "Target Support Files/Pods-Blu/Pods-Blu.debug.xcconfig"; sourceTree = "<group>"; };
		3E4454292D2076EE00AB855B /* MenuImages.storyboard */ = {isa = PBXFileReference; lastKnownFileType = file.storyboard; path = MenuImages.storyboard; sourceTree = "<group>"; };
		3E44542A2D2076EE00AB855B /* MenuInteractor.swift */ = {isa = PBXFileReference; lastKnownFileType = sourcecode.swift; path = MenuInteractor.swift; sourceTree = "<group>"; };
		3E44542B2D2076EE00AB855B /* MenuInterfaces.swift */ = {isa = PBXFileReference; lastKnownFileType = sourcecode.swift; path = MenuInterfaces.swift; sourceTree = "<group>"; };
		3E44542C2D2076EE00AB855B /* MenuPresenter.swift */ = {isa = PBXFileReference; lastKnownFileType = sourcecode.swift; path = MenuPresenter.swift; sourceTree = "<group>"; };
		3E44542D2D2076EE00AB855B /* MenuViewController.swift */ = {isa = PBXFileReference; lastKnownFileType = sourcecode.swift; path = MenuViewController.swift; sourceTree = "<group>"; };
		3E44542E2D2076EE00AB855B /* MenuWireframe.swift */ = {isa = PBXFileReference; lastKnownFileType = sourcecode.swift; path = MenuWireframe.swift; sourceTree = "<group>"; };
		3E4454302D2076EE00AB855B /* LoginInteractor.swift */ = {isa = PBXFileReference; lastKnownFileType = sourcecode.swift; path = LoginInteractor.swift; sourceTree = "<group>"; };
		3E4454312D2076EE00AB855B /* LoginInterfaces.swift */ = {isa = PBXFileReference; lastKnownFileType = sourcecode.swift; path = LoginInterfaces.swift; sourceTree = "<group>"; };
		3E4454322D2076EE00AB855B /* LoginPresenter.swift */ = {isa = PBXFileReference; lastKnownFileType = sourcecode.swift; path = LoginPresenter.swift; sourceTree = "<group>"; };
		3E4454332D2076EE00AB855B /* LoginViewController.swift */ = {isa = PBXFileReference; lastKnownFileType = sourcecode.swift; path = LoginViewController.swift; sourceTree = "<group>"; };
		3E4454342D2076EE00AB855B /* LoginWireframe.swift */ = {isa = PBXFileReference; lastKnownFileType = sourcecode.swift; path = LoginWireframe.swift; sourceTree = "<group>"; };
		3E4454352D2076EE00AB855B /* Main.storyboard */ = {isa = PBXFileReference; lastKnownFileType = file.storyboard; path = Main.storyboard; sourceTree = "<group>"; };
		3E4454372D2076EE00AB855B /* BaseWireframe.swift */ = {isa = PBXFileReference; lastKnownFileType = sourcecode.swift; path = BaseWireframe.swift; sourceTree = "<group>"; };
		3E4454382D2076EE00AB855B /* InteractorInterface.swift */ = {isa = PBXFileReference; lastKnownFileType = sourcecode.swift; path = InteractorInterface.swift; sourceTree = "<group>"; };
		3E4454392D2076EE00AB855B /* PresenterInterface.swift */ = {isa = PBXFileReference; lastKnownFileType = sourcecode.swift; path = PresenterInterface.swift; sourceTree = "<group>"; };
		3E44543A2D2076EE00AB855B /* UIStoryBoardExtension.swift */ = {isa = PBXFileReference; lastKnownFileType = sourcecode.swift; path = UIStoryBoardExtension.swift; sourceTree = "<group>"; };
		3E44543B2D2076EE00AB855B /* ViewInterface.swift */ = {isa = PBXFileReference; lastKnownFileType = sourcecode.swift; path = ViewInterface.swift; sourceTree = "<group>"; };
		3E44543D2D2076EE00AB855B /* APICallManager.swift */ = {isa = PBXFileReference; lastKnownFileType = sourcecode.swift; path = APICallManager.swift; sourceTree = "<group>"; };
		3E44543E2D2076EE00AB855B /* AppDelegate.swift */ = {isa = PBXFileReference; lastKnownFileType = sourcecode.swift; path = AppDelegate.swift; sourceTree = "<group>"; };
		3E44543F2D2076EE00AB855B /* Assets.xcassets */ = {isa = PBXFileReference; lastKnownFileType = folder.assetcatalog; path = Assets.xcassets; sourceTree = "<group>"; };
		3E4454402D2076EE00AB855B /* AsynchronousOperation.swift */ = {isa = PBXFileReference; lastKnownFileType = sourcecode.swift; path = AsynchronousOperation.swift; sourceTree = "<group>"; };
		3E4454412D2076EE00AB855B /* ATConstants.swift */ = {isa = PBXFileReference; lastKnownFileType = sourcecode.swift; path = ATConstants.swift; sourceTree = "<group>"; };
		3E4454422D2076EE00AB855B /* ATSesionManager.swift */ = {isa = PBXFileReference; lastKnownFileType = sourcecode.swift; path = ATSesionManager.swift; sourceTree = "<group>"; };
		3E4454432D2076EE00AB855B /* Info.plist */ = {isa = PBXFileReference; lastKnownFileType = text.plist.xml; path = Info.plist; sourceTree = "<group>"; };
		3E4454452D2076EE00AB855B /* Models.swift */ = {isa = PBXFileReference; lastKnownFileType = sourcecode.swift; path = Models.swift; sourceTree = "<group>"; };
		3E4454462D2076EE00AB855B /* SceneDelegate.swift */ = {isa = PBXFileReference; lastKnownFileType = sourcecode.swift; path = SceneDelegate.swift; sourceTree = "<group>"; };
		3E4454472D2076EE00AB855B /* ServicesName.swift */ = {isa = PBXFileReference; lastKnownFileType = sourcecode.swift; path = ServicesName.swift; sourceTree = "<group>"; };
		3E472E5E2D1CEBAF0049DAE6 /* Blu.app */ = {isa = PBXFileReference; explicitFileType = wrapper.application; includeInIndex = 0; path = Blu.app; sourceTree = BUILT_PRODUCTS_DIR; };
		3E472E742D1CEBB00049DAE6 /* BluTests.xctest */ = {isa = PBXFileReference; explicitFileType = wrapper.cfbundle; includeInIndex = 0; path = BluTests.xctest; sourceTree = BUILT_PRODUCTS_DIR; };
		3E472E7E2D1CEBB00049DAE6 /* BluUITests.xctest */ = {isa = PBXFileReference; explicitFileType = wrapper.cfbundle; includeInIndex = 0; path = BluUITests.xctest; sourceTree = BUILT_PRODUCTS_DIR; };
		FE0DAE82373EB4C241BD6097 /* Pods-Blu.release.xcconfig */ = {isa = PBXFileReference; includeInIndex = 1; lastKnownFileType = text.xcconfig; name = "Pods-Blu.release.xcconfig"; path = "Target Support Files/Pods-Blu/Pods-Blu.release.xcconfig"; sourceTree = "<group>"; };
/* End PBXFileReference section */

/* Begin PBXFrameworksBuildPhase section */
		3E472E5B2D1CEBAF0049DAE6 /* Frameworks */ = {
			isa = PBXFrameworksBuildPhase;
			buildActionMask = 2147483647;
			files = (
				F0BCC2A553674137EB9714B3 /* Pods_Blu.framework in Frameworks */,
			);
			runOnlyForDeploymentPostprocessing = 0;
		};
		3E472E712D1CEBB00049DAE6 /* Frameworks */ = {
			isa = PBXFrameworksBuildPhase;
			buildActionMask = 2147483647;
			files = (
			);
			runOnlyForDeploymentPostprocessing = 0;
		};
		3E472E7B2D1CEBB00049DAE6 /* Frameworks */ = {
			isa = PBXFrameworksBuildPhase;
			buildActionMask = 2147483647;
			files = (
			);
			runOnlyForDeploymentPostprocessing = 0;
		};
/* End PBXFrameworksBuildPhase section */

/* Begin PBXGroup section */
		3E44542F2D2076EE00AB855B /* Images */ = {
			isa = PBXGroup;
			children = (
				3E4454292D2076EE00AB855B /* MenuImages.storyboard */,
				3E44542A2D2076EE00AB855B /* MenuInteractor.swift */,
				3E44542B2D2076EE00AB855B /* MenuInterfaces.swift */,
				3E44542C2D2076EE00AB855B /* MenuPresenter.swift */,
				3E44542D2D2076EE00AB855B /* MenuViewController.swift */,
				3E44542E2D2076EE00AB855B /* MenuWireframe.swift */,
			);
			path = Images;
			sourceTree = "<group>";
		};
		3E4454362D2076EE00AB855B /* Login */ = {
			isa = PBXGroup;
			children = (
				3E4454302D2076EE00AB855B /* LoginInteractor.swift */,
				3E4454312D2076EE00AB855B /* LoginInterfaces.swift */,
				3E4454322D2076EE00AB855B /* LoginPresenter.swift */,
				3E4454332D2076EE00AB855B /* LoginViewController.swift */,
				3E4454342D2076EE00AB855B /* LoginWireframe.swift */,
				3E4454352D2076EE00AB855B /* Main.storyboard */,
			);
			path = Login;
			sourceTree = "<group>";
		};
		3E44543C2D2076EE00AB855B /* ViperTemplate */ = {
			isa = PBXGroup;
			children = (
				3E4454372D2076EE00AB855B /* BaseWireframe.swift */,
				3E4454382D2076EE00AB855B /* InteractorInterface.swift */,
				3E4454392D2076EE00AB855B /* PresenterInterface.swift */,
				3E44543A2D2076EE00AB855B /* UIStoryBoardExtension.swift */,
				3E44543B2D2076EE00AB855B /* ViewInterface.swift */,
			);
			path = ViperTemplate;
			sourceTree = "<group>";
		};
		3E4454492D2076EE00AB855B /* Blu */ = {
			isa = PBXGroup;
			children = (
				3E44542F2D2076EE00AB855B /* Images */,
				3E4454362D2076EE00AB855B /* Login */,
				3E44543C2D2076EE00AB855B /* ViperTemplate */,
				3E44543D2D2076EE00AB855B /* APICallManager.swift */,
				3E44543E2D2076EE00AB855B /* AppDelegate.swift */,
				3E44543F2D2076EE00AB855B /* Assets.xcassets */,
				3E4454402D2076EE00AB855B /* AsynchronousOperation.swift */,
				3E4454412D2076EE00AB855B /* ATConstants.swift */,
				3E4454422D2076EE00AB855B /* ATSesionManager.swift */,
				3E4454432D2076EE00AB855B /* Info.plist */,
				3E4454452D2076EE00AB855B /* Models.swift */,
				3E4454462D2076EE00AB855B /* SceneDelegate.swift */,
				3E4454472D2076EE00AB855B /* ServicesName.swift */,
			);
			path = Blu;
			sourceTree = SOURCE_ROOT;
		};
		3E472E552D1CEBAF0049DAE6 = {
			isa = PBXGroup;
			children = (
				3E4454492D2076EE00AB855B /* Blu */,
				3E472E5F2D1CEBAF0049DAE6 /* Products */,
				FAB901B2D0AE508003286E01 /* Pods */,
				B4ABAB55AC9D10A3EF34F0DC /* Frameworks */,
			);
			sourceTree = "<group>";
		};
		3E472E5F2D1CEBAF0049DAE6 /* Products */ = {
			isa = PBXGroup;
			children = (
				3E472E5E2D1CEBAF0049DAE6 /* Blu.app */,
				3E472E742D1CEBB00049DAE6 /* BluTests.xctest */,
				3E472E7E2D1CEBB00049DAE6 /* BluUITests.xctest */,
			);
			name = Products;
			sourceTree = "<group>";
		};
		B4ABAB55AC9D10A3EF34F0DC /* Frameworks */ = {
			isa = PBXGroup;
			children = (
				160BD06255949283679A07C7 /* Pods_Blu.framework */,
			);
			name = Frameworks;
			sourceTree = "<group>";
		};
		FAB901B2D0AE508003286E01 /* Pods */ = {
			isa = PBXGroup;
			children = (
				184F019A09238551123AC5C5 /* Pods-Blu.debug.xcconfig */,
				FE0DAE82373EB4C241BD6097 /* Pods-Blu.release.xcconfig */,
			);
			path = Pods;
			sourceTree = "<group>";
		};
/* End PBXGroup section */

/* Begin PBXNativeTarget section */
		3E472E5D2D1CEBAF0049DAE6 /* Blu */ = {
			isa = PBXNativeTarget;
			buildConfigurationList = 3E472E872D1CEBB00049DAE6 /* Build configuration list for PBXNativeTarget "Blu" */;
			buildPhases = (
				78E389B4B8626A595F522C89 /* [CP] Check Pods Manifest.lock */,
				3E472E5A2D1CEBAF0049DAE6 /* Sources */,
				3E472E5B2D1CEBAF0049DAE6 /* Frameworks */,
				3E472E5C2D1CEBAF0049DAE6 /* Resources */,
				68FA2711608508BA81DBA169 /* [CP] Embed Pods Frameworks */,
			);
			buildRules = (
			);
			dependencies = (
			);
			name = Blu;
			productName = Blu;
			productReference = 3E472E5E2D1CEBAF0049DAE6 /* Blu.app */;
			productType = "com.apple.product-type.application";
		};
		3E472E732D1CEBB00049DAE6 /* BluTests */ = {
			isa = PBXNativeTarget;
			buildConfigurationList = 3E472E8C2D1CEBB00049DAE6 /* Build configuration list for PBXNativeTarget "BluTests" */;
			buildPhases = (
				3E472E702D1CEBB00049DAE6 /* Sources */,
				3E472E712D1CEBB00049DAE6 /* Frameworks */,
				3E472E722D1CEBB00049DAE6 /* Resources */,
			);
			buildRules = (
			);
			dependencies = (
				3E472E762D1CEBB00049DAE6 /* PBXTargetDependency */,
			);
			name = BluTests;
			productName = BluTests;
			productReference = 3E472E742D1CEBB00049DAE6 /* BluTests.xctest */;
			productType = "com.apple.product-type.bundle.unit-test";
		};
		3E472E7D2D1CEBB00049DAE6 /* BluUITests */ = {
			isa = PBXNativeTarget;
			buildConfigurationList = 3E472E8F2D1CEBB00049DAE6 /* Build configuration list for PBXNativeTarget "BluUITests" */;
			buildPhases = (
				3E472E7A2D1CEBB00049DAE6 /* Sources */,
				3E472E7B2D1CEBB00049DAE6 /* Frameworks */,
				3E472E7C2D1CEBB00049DAE6 /* Resources */,
			);
			buildRules = (
			);
			dependencies = (
				3E472E802D1CEBB00049DAE6 /* PBXTargetDependency */,
			);
			name = BluUITests;
			productName = BluUITests;
			productReference = 3E472E7E2D1CEBB00049DAE6 /* BluUITests.xctest */;
			productType = "com.apple.product-type.bundle.ui-testing";
		};
/* End PBXNativeTarget section */

/* Begin PBXProject section */
		3E472E562D1CEBAF0049DAE6 /* Project object */ = {
			isa = PBXProject;
			attributes = {
				BuildIndependentTargetsInParallel = 1;
				LastSwiftUpdateCheck = 1620;
				LastUpgradeCheck = 1620;
				TargetAttributes = {
					3E472E5D2D1CEBAF0049DAE6 = {
						CreatedOnToolsVersion = 16.2;
						LastSwiftMigration = 1620;
					};
					3E472E732D1CEBB00049DAE6 = {
						CreatedOnToolsVersion = 16.2;
						TestTargetID = 3E472E5D2D1CEBAF0049DAE6;
					};
					3E472E7D2D1CEBB00049DAE6 = {
						CreatedOnToolsVersion = 16.2;
						TestTargetID = 3E472E5D2D1CEBAF0049DAE6;
					};
				};
			};
			buildConfigurationList = 3E472E592D1CEBAF0049DAE6 /* Build configuration list for PBXProject "Blu" */;
			compatibilityVersion = "Xcode 15.0";
			developmentRegion = en;
			hasScannedForEncodings = 0;
			knownRegions = (
				en,
				Base,
			);
			mainGroup = 3E472E552D1CEBAF0049DAE6;
			minimizedProjectReferenceProxies = 1;
			productRefGroup = 3E472E5F2D1CEBAF0049DAE6 /* Products */;
			projectDirPath = "";
			projectRoot = "";
			targets = (
				3E472E5D2D1CEBAF0049DAE6 /* Blu */,
				3E472E732D1CEBB00049DAE6 /* BluTests */,
				3E472E7D2D1CEBB00049DAE6 /* BluUITests */,
			);
		};
/* End PBXProject section */

/* Begin PBXResourcesBuildPhase section */
		3E472E5C2D1CEBAF0049DAE6 /* Resources */ = {
			isa = PBXResourcesBuildPhase;
			buildActionMask = 2147483647;
			files = (
				3E4454632D2076EE00AB855B /* MenuImages.storyboard in Resources */,
				3E4454642D2076EE00AB855B /* Main.storyboard in Resources */,
				3E4454662D2076EE00AB855B /* Assets.xcassets in Resources */,
			);
			runOnlyForDeploymentPostprocessing = 0;
		};
		3E472E722D1CEBB00049DAE6 /* Resources */ = {
			isa = PBXResourcesBuildPhase;
			buildActionMask = 2147483647;
			files = (
			);
			runOnlyForDeploymentPostprocessing = 0;
		};
		3E472E7C2D1CEBB00049DAE6 /* Resources */ = {
			isa = PBXResourcesBuildPhase;
			buildActionMask = 2147483647;
			files = (
			);
			runOnlyForDeploymentPostprocessing = 0;
		};
/* End PBXResourcesBuildPhase section */

/* Begin PBXShellScriptBuildPhase section */
		68FA2711608508BA81DBA169 /* [CP] Embed Pods Frameworks */ = {
			isa = PBXShellScriptBuildPhase;
			buildActionMask = 2147483647;
			files = (
			);
			inputFileListPaths = (
				"${PODS_ROOT}/Target Support Files/Pods-Blu/Pods-Blu-frameworks-${CONFIGURATION}-input-files.xcfilelist",
			);
			name = "[CP] Embed Pods Frameworks";
			outputFileListPaths = (
				"${PODS_ROOT}/Target Support Files/Pods-Blu/Pods-Blu-frameworks-${CONFIGURATION}-output-files.xcfilelist",
			);
			runOnlyForDeploymentPostprocessing = 0;
			shellPath = /bin/sh;
			shellScript = "\"${PODS_ROOT}/Target Support Files/Pods-Blu/Pods-Blu-frameworks.sh\"\n";
			showEnvVarsInLog = 0;
		};
		78E389B4B8626A595F522C89 /* [CP] Check Pods Manifest.lock */ = {
			isa = PBXShellScriptBuildPhase;
			buildActionMask = 2147483647;
			files = (
			);
			inputFileListPaths = (
			);
			inputPaths = (
				"${PODS_PODFILE_DIR_PATH}/Podfile.lock",
				"${PODS_ROOT}/Manifest.lock",
			);
			name = "[CP] Check Pods Manifest.lock";
			outputFileListPaths = (
			);
			outputPaths = (
				"$(DERIVED_FILE_DIR)/Pods-Blu-checkManifestLockResult.txt",
			);
			runOnlyForDeploymentPostprocessing = 0;
			shellPath = /bin/sh;
			shellScript = "diff \"${PODS_PODFILE_DIR_PATH}/Podfile.lock\" \"${PODS_ROOT}/Manifest.lock\" > /dev/null\nif [ $? != 0 ] ; then\n    # print error to STDERR\n    echo \"error: The sandbox is not in sync with the Podfile.lock. Run 'pod install' or update your CocoaPods installation.\" >&2\n    exit 1\nfi\n# This output is used by Xcode 'outputs' to avoid re-running this script phase.\necho \"SUCCESS\" > \"${SCRIPT_OUTPUT_FILE_0}\"\n";
			showEnvVarsInLog = 0;
		};
/* End PBXShellScriptBuildPhase section */

/* Begin PBXSourcesBuildPhase section */
		3E472E5A2D1CEBAF0049DAE6 /* Sources */ = {
			isa = PBXSourcesBuildPhase;
			buildActionMask = 2147483647;
			files = (
				3E44544A2D2076EE00AB855B /* PresenterInterface.swift in Sources */,
				3E44544B2D2076EE00AB855B /* LoginInterfaces.swift in Sources */,
				3E44544C2D2076EE00AB855B /* MenuPresenter.swift in Sources */,
				3E44544D2D2076EE00AB855B /* MenuViewController.swift in Sources */,
				3E44544E2D2076EE00AB855B /* Models.swift in Sources */,
				3E44544F2D2076EE00AB855B /* UIStoryBoardExtension.swift in Sources */,
				3E4454502D2076EE00AB855B /* AsynchronousOperation.swift in Sources */,
				3E4454512D2076EE00AB855B /* ATConstants.swift in Sources */,
				3E4454522D2076EE00AB855B /* APICallManager.swift in Sources */,
				3E4454532D2076EE00AB855B /* MenuInteractor.swift in Sources */,
				3E4454542D2076EE00AB855B /* ViewInterface.swift in Sources */,
				3E4454552D2076EE00AB855B /* SceneDelegate.swift in Sources */,
				3E4454562D2076EE00AB855B /* ATSesionManager.swift in Sources */,
				3E4454572D2076EE00AB855B /* LoginInteractor.swift in Sources */,
				3E4454582D2076EE00AB855B /* InteractorInterface.swift in Sources */,
				3E4454592D2076EE00AB855B /* AppDelegate.swift in Sources */,
				3E44545A2D2076EE00AB855B /* LoginViewController.swift in Sources */,
				3E44545C2D2076EE00AB855B /* ServicesName.swift in Sources */,
				3E44545D2D2076EE00AB855B /* LoginWireframe.swift in Sources */,
				3E44545E2D2076EE00AB855B /* LoginPresenter.swift in Sources */,
				3E44545F2D2076EE00AB855B /* MenuInterfaces.swift in Sources */,
				3E4454602D2076EE00AB855B /* MenuWireframe.swift in Sources */,
				3E4454622D2076EE00AB855B /* BaseWireframe.swift in Sources */,
			);
			runOnlyForDeploymentPostprocessing = 0;
		};
		3E472E702D1CEBB00049DAE6 /* Sources */ = {
			isa = PBXSourcesBuildPhase;
			buildActionMask = 2147483647;
			files = (
			);
			runOnlyForDeploymentPostprocessing = 0;
		};
		3E472E7A2D1CEBB00049DAE6 /* Sources */ = {
			isa = PBXSourcesBuildPhase;
			buildActionMask = 2147483647;
			files = (
			);
			runOnlyForDeploymentPostprocessing = 0;
		};
/* End PBXSourcesBuildPhase section */

/* Begin PBXTargetDependency section */
		3E472E762D1CEBB00049DAE6 /* PBXTargetDependency */ = {
			isa = PBXTargetDependency;
			target = 3E472E5D2D1CEBAF0049DAE6 /* Blu */;
			targetProxy = 3E472E752D1CEBB00049DAE6 /* PBXContainerItemProxy */;
		};
		3E472E802D1CEBB00049DAE6 /* PBXTargetDependency */ = {
			isa = PBXTargetDependency;
			target = 3E472E5D2D1CEBAF0049DAE6 /* Blu */;
			targetProxy = 3E472E7F2D1CEBB00049DAE6 /* PBXContainerItemProxy */;
		};
/* End PBXTargetDependency section */

/* Begin XCBuildConfiguration section */
		3E472E882D1CEBB00049DAE6 /* Debug */ = {
			isa = XCBuildConfiguration;
			baseConfigurationReference = 184F019A09238551123AC5C5 /* Pods-Blu.debug.xcconfig */;
			buildSettings = {
				ASSETCATALOG_COMPILER_APPICON_NAME = AppIcon;
				ASSETCATALOG_COMPILER_GLOBAL_ACCENT_COLOR_NAME = AccentColor;
				CLANG_ENABLE_MODULES = YES;
				CODE_SIGN_STYLE = Automatic;
				CURRENT_PROJECT_VERSION = 1;
				DEVELOPMENT_TEAM = S8CV2RC8V7;
				GENERATE_INFOPLIST_FILE = YES;
				INFOPLIST_FILE = Blu/Info.plist;
				INFOPLIST_KEY_UIApplicationSupportsIndirectInputEvents = YES;
				INFOPLIST_KEY_UILaunchStoryboardName = LaunchScreen;
				INFOPLIST_KEY_UIMainStoryboardFile = Main;
				INFOPLIST_KEY_UISupportedInterfaceOrientations_iPad = "UIInterfaceOrientationPortrait UIInterfaceOrientationPortraitUpsideDown UIInterfaceOrientationLandscapeLeft UIInterfaceOrientationLandscapeRight";
				INFOPLIST_KEY_UISupportedInterfaceOrientations_iPhone = "UIInterfaceOrientationPortrait UIInterfaceOrientationLandscapeLeft UIInterfaceOrientationLandscapeRight";
				IPHONEOS_DEPLOYMENT_TARGET = 15.6;
				LD_RUNPATH_SEARCH_PATHS = (
					"$(inherited)",
					"@executable_path/Frameworks",
				);
				MARKETING_VERSION = 1.0;
				PRODUCT_BUNDLE_IDENTIFIER = aranzama.Blu;
				PRODUCT_NAME = "$(TARGET_NAME)";
				SWIFT_EMIT_LOC_STRINGS = YES;
				SWIFT_OPTIMIZATION_LEVEL = "-Onone";
				SWIFT_VERSION = 5.0;
				TARGETED_DEVICE_FAMILY = "1,2";
			};
			name = Debug;
		};
		3E472E892D1CEBB00049DAE6 /* Release */ = {
			isa = XCBuildConfiguration;
			baseConfigurationReference = FE0DAE82373EB4C241BD6097 /* Pods-Blu.release.xcconfig */;
			buildSettings = {
				ASSETCATALOG_COMPILER_APPICON_NAME = AppIcon;
				ASSETCATALOG_COMPILER_GLOBAL_ACCENT_COLOR_NAME = AccentColor;
				CLANG_ENABLE_MODULES = YES;
				CODE_SIGN_STYLE = Automatic;
				CURRENT_PROJECT_VERSION = 1;
				DEVELOPMENT_TEAM = S8CV2RC8V7;
				GENERATE_INFOPLIST_FILE = YES;
				INFOPLIST_FILE = Blu/Info.plist;
				INFOPLIST_KEY_UIApplicationSupportsIndirectInputEvents = YES;
				INFOPLIST_KEY_UILaunchStoryboardName = LaunchScreen;
				INFOPLIST_KEY_UIMainStoryboardFile = Main;
				INFOPLIST_KEY_UISupportedInterfaceOrientations_iPad = "UIInterfaceOrientationPortrait UIInterfaceOrientationPortraitUpsideDown UIInterfaceOrientationLandscapeLeft UIInterfaceOrientationLandscapeRight";
				INFOPLIST_KEY_UISupportedInterfaceOrientations_iPhone = "UIInterfaceOrientationPortrait UIInterfaceOrientationLandscapeLeft UIInterfaceOrientationLandscapeRight";
				IPHONEOS_DEPLOYMENT_TARGET = 15.6;
				LD_RUNPATH_SEARCH_PATHS = (
					"$(inherited)",
					"@executable_path/Frameworks",
				);
				MARKETING_VERSION = 1.0;
				PRODUCT_BUNDLE_IDENTIFIER = aranzama.Blu;
				PRODUCT_NAME = "$(TARGET_NAME)";
				SWIFT_EMIT_LOC_STRINGS = YES;
				SWIFT_VERSION = 5.0;
				TARGETED_DEVICE_FAMILY = "1,2";
			};
			name = Release;
		};
		3E472E8A2D1CEBB00049DAE6 /* Debug */ = {
			isa = XCBuildConfiguration;
			buildSettings = {
				ALWAYS_SEARCH_USER_PATHS = NO;
				ASSETCATALOG_COMPILER_GENERATE_SWIFT_ASSET_SYMBOL_EXTENSIONS = YES;
				CLANG_ANALYZER_NONNULL = YES;
				CLANG_ANALYZER_NUMBER_OBJECT_CONVERSION = YES_AGGRESSIVE;
				CLANG_CXX_LANGUAGE_STANDARD = "gnu++20";
				CLANG_ENABLE_MODULES = YES;
				CLANG_ENABLE_OBJC_ARC = YES;
				CLANG_ENABLE_OBJC_WEAK = YES;
				CLANG_WARN_BLOCK_CAPTURE_AUTORELEASING = YES;
				CLANG_WARN_BOOL_CONVERSION = YES;
				CLANG_WARN_COMMA = YES;
				CLANG_WARN_CONSTANT_CONVERSION = YES;
				CLANG_WARN_DEPRECATED_OBJC_IMPLEMENTATIONS = YES;
				CLANG_WARN_DIRECT_OBJC_ISA_USAGE = YES_ERROR;
				CLANG_WARN_DOCUMENTATION_COMMENTS = YES;
				CLANG_WARN_EMPTY_BODY = YES;
				CLANG_WARN_ENUM_CONVERSION = YES;
				CLANG_WARN_INFINITE_RECURSION = YES;
				CLANG_WARN_INT_CONVERSION = YES;
				CLANG_WARN_NON_LITERAL_NULL_CONVERSION = YES;
				CLANG_WARN_OBJC_IMPLICIT_RETAIN_SELF = YES;
				CLANG_WARN_OBJC_LITERAL_CONVERSION = YES;
				CLANG_WARN_OBJC_ROOT_CLASS = YES_ERROR;
				CLANG_WARN_QUOTED_INCLUDE_IN_FRAMEWORK_HEADER = YES;
				CLANG_WARN_RANGE_LOOP_ANALYSIS = YES;
				CLANG_WARN_STRICT_PROTOTYPES = YES;
				CLANG_WARN_SUSPICIOUS_MOVE = YES;
				CLANG_WARN_UNGUARDED_AVAILABILITY = YES_AGGRESSIVE;
				CLANG_WARN_UNREACHABLE_CODE = YES;
				CLANG_WARN__DUPLICATE_METHOD_MATCH = YES;
				COPY_PHASE_STRIP = NO;
				DEBUG_INFORMATION_FORMAT = dwarf;
				ENABLE_STRICT_OBJC_MSGSEND = YES;
				ENABLE_TESTABILITY = YES;
				ENABLE_USER_SCRIPT_SANDBOXING = NO;
				GCC_C_LANGUAGE_STANDARD = gnu17;
				GCC_DYNAMIC_NO_PIC = NO;
				GCC_NO_COMMON_BLOCKS = YES;
				GCC_OPTIMIZATION_LEVEL = 0;
				GCC_PREPROCESSOR_DEFINITIONS = (
					"DEBUG=1",
					"$(inherited)",
				);
				GCC_WARN_64_TO_32_BIT_CONVERSION = YES;
				GCC_WARN_ABOUT_RETURN_TYPE = YES_ERROR;
				GCC_WARN_UNDECLARED_SELECTOR = YES;
				GCC_WARN_UNINITIALIZED_AUTOS = YES_AGGRESSIVE;
				GCC_WARN_UNUSED_FUNCTION = YES;
				GCC_WARN_UNUSED_VARIABLE = YES;
				IPHONEOS_DEPLOYMENT_TARGET = 18.2;
				LOCALIZATION_PREFERS_STRING_CATALOGS = YES;
				MTL_ENABLE_DEBUG_INFO = INCLUDE_SOURCE;
				MTL_FAST_MATH = YES;
				ONLY_ACTIVE_ARCH = YES;
				SDKROOT = iphoneos;
				SWIFT_ACTIVE_COMPILATION_CONDITIONS = "DEBUG $(inherited)";
				SWIFT_OPTIMIZATION_LEVEL = "-Onone";
				SWIFT_VERSION = 5.0;
			};
			name = Debug;
		};
		3E472E8B2D1CEBB00049DAE6 /* Release */ = {
			isa = XCBuildConfiguration;
			buildSettings = {
				ALWAYS_SEARCH_USER_PATHS = NO;
				ASSETCATALOG_COMPILER_GENERATE_SWIFT_ASSET_SYMBOL_EXTENSIONS = YES;
				CLANG_ANALYZER_NONNULL = YES;
				CLANG_ANALYZER_NUMBER_OBJECT_CONVERSION = YES_AGGRESSIVE;
				CLANG_CXX_LANGUAGE_STANDARD = "gnu++20";
				CLANG_ENABLE_MODULES = YES;
				CLANG_ENABLE_OBJC_ARC = YES;
				CLANG_ENABLE_OBJC_WEAK = YES;
				CLANG_WARN_BLOCK_CAPTURE_AUTORELEASING = YES;
				CLANG_WARN_BOOL_CONVERSION = YES;
				CLANG_WARN_COMMA = YES;
				CLANG_WARN_CONSTANT_CONVERSION = YES;
				CLANG_WARN_DEPRECATED_OBJC_IMPLEMENTATIONS = YES;
				CLANG_WARN_DIRECT_OBJC_ISA_USAGE = YES_ERROR;
				CLANG_WARN_DOCUMENTATION_COMMENTS = YES;
				CLANG_WARN_EMPTY_BODY = YES;
				CLANG_WARN_ENUM_CONVERSION = YES;
				CLANG_WARN_INFINITE_RECURSION = YES;
				CLANG_WARN_INT_CONVERSION = YES;
				CLANG_WARN_NON_LITERAL_NULL_CONVERSION = YES;
				CLANG_WARN_OBJC_IMPLICIT_RETAIN_SELF = YES;
				CLANG_WARN_OBJC_LITERAL_CONVERSION = YES;
				CLANG_WARN_OBJC_ROOT_CLASS = YES_ERROR;
				CLANG_WARN_QUOTED_INCLUDE_IN_FRAMEWORK_HEADER = YES;
				CLANG_WARN_RANGE_LOOP_ANALYSIS = YES;
				CLANG_WARN_STRICT_PROTOTYPES = YES;
				CLANG_WARN_SUSPICIOUS_MOVE = YES;
				CLANG_WARN_UNGUARDED_AVAILABILITY = YES_AGGRESSIVE;
				CLANG_WARN_UNREACHABLE_CODE = YES;
				CLANG_WARN__DUPLICATE_METHOD_MATCH = YES;
				COPY_PHASE_STRIP = NO;
				DEBUG_INFORMATION_FORMAT = "dwarf-with-dsym";
				ENABLE_NS_ASSERTIONS = NO;
				ENABLE_STRICT_OBJC_MSGSEND = YES;
				ENABLE_USER_SCRIPT_SANDBOXING = NO;
				GCC_C_LANGUAGE_STANDARD = gnu17;
				GCC_NO_COMMON_BLOCKS = YES;
				GCC_WARN_64_TO_32_BIT_CONVERSION = YES;
				GCC_WARN_ABOUT_RETURN_TYPE = YES_ERROR;
				GCC_WARN_UNDECLARED_SELECTOR = YES;
				GCC_WARN_UNINITIALIZED_AUTOS = YES_AGGRESSIVE;
				GCC_WARN_UNUSED_FUNCTION = YES;
				GCC_WARN_UNUSED_VARIABLE = YES;
				IPHONEOS_DEPLOYMENT_TARGET = 18.2;
				LOCALIZATION_PREFERS_STRING_CATALOGS = YES;
				MTL_ENABLE_DEBUG_INFO = NO;
				MTL_FAST_MATH = YES;
				SDKROOT = iphoneos;
				SWIFT_COMPILATION_MODE = wholemodule;
				SWIFT_VERSION = 5.0;
				VALIDATE_PRODUCT = YES;
			};
			name = Release;
		};
		3E472E8D2D1CEBB00049DAE6 /* Debug */ = {
			isa = XCBuildConfiguration;
			buildSettings = {
				BUNDLE_LOADER = "$(TEST_HOST)";
				CODE_SIGN_STYLE = Automatic;
				CURRENT_PROJECT_VERSION = 1;
				DEVELOPMENT_TEAM = S8CV2RC8V7;
				GENERATE_INFOPLIST_FILE = YES;
				IPHONEOS_DEPLOYMENT_TARGET = 18.2;
				MARKETING_VERSION = 1.0;
				PRODUCT_BUNDLE_IDENTIFIER = aranzama.BluTests;
				PRODUCT_NAME = "$(TARGET_NAME)";
				SWIFT_EMIT_LOC_STRINGS = NO;
				SWIFT_VERSION = 5.0;
				TARGETED_DEVICE_FAMILY = "1,2";
				TEST_HOST = "$(BUILT_PRODUCTS_DIR)/Blu.app/$(BUNDLE_EXECUTABLE_FOLDER_PATH)/Blu";
			};
			name = Debug;
		};
		3E472E8E2D1CEBB00049DAE6 /* Release */ = {
			isa = XCBuildConfiguration;
			buildSettings = {
				BUNDLE_LOADER = "$(TEST_HOST)";
				CODE_SIGN_STYLE = Automatic;
				CURRENT_PROJECT_VERSION = 1;
				DEVELOPMENT_TEAM = S8CV2RC8V7;
				GENERATE_INFOPLIST_FILE = YES;
				IPHONEOS_DEPLOYMENT_TARGET = 18.2;
				MARKETING_VERSION = 1.0;
				PRODUCT_BUNDLE_IDENTIFIER = aranzama.BluTests;
				PRODUCT_NAME = "$(TARGET_NAME)";
				SWIFT_EMIT_LOC_STRINGS = NO;
				SWIFT_VERSION = 5.0;
				TARGETED_DEVICE_FAMILY = "1,2";
				TEST_HOST = "$(BUILT_PRODUCTS_DIR)/Blu.app/$(BUNDLE_EXECUTABLE_FOLDER_PATH)/Blu";
			};
			name = Release;
		};
		3E472E902D1CEBB00049DAE6 /* Debug */ = {
			isa = XCBuildConfiguration;
			buildSettings = {
				CODE_SIGN_STYLE = Automatic;
				CURRENT_PROJECT_VERSION = 1;
				DEVELOPMENT_TEAM = S8CV2RC8V7;
				GENERATE_INFOPLIST_FILE = YES;
				MARKETING_VERSION = 1.0;
				PRODUCT_BUNDLE_IDENTIFIER = aranzama.BluUITests;
				PRODUCT_NAME = "$(TARGET_NAME)";
				SWIFT_EMIT_LOC_STRINGS = NO;
				SWIFT_VERSION = 5.0;
				TARGETED_DEVICE_FAMILY = "1,2";
				TEST_TARGET_NAME = Blu;
			};
			name = Debug;
		};
		3E472E912D1CEBB00049DAE6 /* Release */ = {
			isa = XCBuildConfiguration;
			buildSettings = {
				CODE_SIGN_STYLE = Automatic;
				CURRENT_PROJECT_VERSION = 1;
				DEVELOPMENT_TEAM = S8CV2RC8V7;
				GENERATE_INFOPLIST_FILE = YES;
				MARKETING_VERSION = 1.0;
				PRODUCT_BUNDLE_IDENTIFIER = aranzama.BluUITests;
				PRODUCT_NAME = "$(TARGET_NAME)";
				SWIFT_EMIT_LOC_STRINGS = NO;
				SWIFT_VERSION = 5.0;
				TARGETED_DEVICE_FAMILY = "1,2";
				TEST_TARGET_NAME = Blu;
			};
			name = Release;
		};
/* End XCBuildConfiguration section */

/* Begin XCConfigurationList section */
		3E472E592D1CEBAF0049DAE6 /* Build configuration list for PBXProject "Blu" */ = {
			isa = XCConfigurationList;
			buildConfigurations = (
				3E472E8A2D1CEBB00049DAE6 /* Debug */,
				3E472E8B2D1CEBB00049DAE6 /* Release */,
			);
			defaultConfigurationIsVisible = 0;
			defaultConfigurationName = Release;
		};
		3E472E872D1CEBB00049DAE6 /* Build configuration list for PBXNativeTarget "Blu" */ = {
			isa = XCConfigurationList;
			buildConfigurations = (
				3E472E882D1CEBB00049DAE6 /* Debug */,
				3E472E892D1CEBB00049DAE6 /* Release */,
			);
			defaultConfigurationIsVisible = 0;
			defaultConfigurationName = Release;
		};
		3E472E8C2D1CEBB00049DAE6 /* Build configuration list for PBXNativeTarget "BluTests" */ = {
			isa = XCConfigurationList;
			buildConfigurations = (
				3E472E8D2D1CEBB00049DAE6 /* Debug */,
				3E472E8E2D1CEBB00049DAE6 /* Release */,
			);
			defaultConfigurationIsVisible = 0;
			defaultConfigurationName = Release;
		};
		3E472E8F2D1CEBB00049DAE6 /* Build configuration list for PBXNativeTarget "BluUITests" */ = {
			isa = XCConfigurationList;
			buildConfigurations = (
				3E472E902D1CEBB00049DAE6 /* Debug */,
				3E472E912D1CEBB00049DAE6 /* Release */,
			);
			defaultConfigurationIsVisible = 0;
			defaultConfigurationName = Release;
		};
/* End XCConfigurationList section */
	};
	rootObject = 3E472E562D1CEBAF0049DAE6 /* Project object */;
}
